// !$*UTF8*$!
{
	archiveVersion = 1;
	classes = {
	};
	objectVersion = 55;
	objects = {

/* Begin PBXBuildFile section */
		7963AD462921C0EA00350C1A /* heartModel.mlpackage in Sources */ = {isa = PBXBuildFile; fileRef = 7963AD452921C0EA00350C1A /* heartModel.mlpackage */; };
		79E1274C28F3B3D800E4DC14 /* CompanionApp.swift in Sources */ = {isa = PBXBuildFile; fileRef = 79E1274B28F3B3D800E4DC14 /* CompanionApp.swift */; };
		79E1274E28F3B3D800E4DC14 /* ContentView.swift in Sources */ = {isa = PBXBuildFile; fileRef = 79E1274D28F3B3D800E4DC14 /* ContentView.swift */; };
		79E1275028F3B3D800E4DC14 /* Assets.xcassets in Resources */ = {isa = PBXBuildFile; fileRef = 79E1274F28F3B3D800E4DC14 /* Assets.xcassets */; };
		79E1275328F3B3D800E4DC14 /* Preview Assets.xcassets in Resources */ = {isa = PBXBuildFile; fileRef = 79E1275228F3B3D800E4DC14 /* Preview Assets.xcassets */; };
		79E1275D28F3B3D800E4DC14 /* CompanionTests.swift in Sources */ = {isa = PBXBuildFile; fileRef = 79E1275C28F3B3D800E4DC14 /* CompanionTests.swift */; };
		79E1276728F3B3D800E4DC14 /* CompanionUITests.swift in Sources */ = {isa = PBXBuildFile; fileRef = 79E1276628F3B3D800E4DC14 /* CompanionUITests.swift */; };
		79E1276928F3B3D800E4DC14 /* CompanionUITestsLaunchTests.swift in Sources */ = {isa = PBXBuildFile; fileRef = 79E1276828F3B3D800E4DC14 /* CompanionUITestsLaunchTests.swift */; };
		79E1277828F3B68F00E4DC14 /* DataStore.swift in Sources */ = {isa = PBXBuildFile; fileRef = 79E1277728F3B68F00E4DC14 /* DataStore.swift */; };
		79E1277B28F3B78A00E4DC14 /* HealthKit.framework in Frameworks */ = {isa = PBXBuildFile; fileRef = 79E1277A28F3B78A00E4DC14 /* HealthKit.framework */; };
		79E1277D28F3B92100E4DC14 /* HealthKitSetupAssistant.swift in Sources */ = {isa = PBXBuildFile; fileRef = 79E1277C28F3B92100E4DC14 /* HealthKitSetupAssistant.swift */; };
		79E1278228F3EBF000E4DC14 /* PredictorView.swift in Sources */ = {isa = PBXBuildFile; fileRef = 79E1278128F3EBF000E4DC14 /* PredictorView.swift */; };
		79E1278428F3EC4D00E4DC14 /* HealthKitView.swift in Sources */ = {isa = PBXBuildFile; fileRef = 79E1278328F3EC4D00E4DC14 /* HealthKitView.swift */; };
		ED5F968E291DBA4D001306BF /* HealthData1.swift in Sources */ = {isa = PBXBuildFile; fileRef = ED5F968D291DBA4D001306BF /* HealthData1.swift */; };
		EDD08E03291CEC0F00DB7CB5 /* HealthData.swift in Sources */ = {isa = PBXBuildFile; fileRef = EDD08E02291CEC0F00DB7CB5 /* HealthData.swift */; };
		EDD08E06291CEC9600DB7CB5 /* HealthKitSupport.swift in Sources */ = {isa = PBXBuildFile; fileRef = EDD08E05291CEC9600DB7CB5 /* HealthKitSupport.swift */; };
		EDD08E09291CED7400DB7CB5 /* SplashScreenViewController.swift in Sources */ = {isa = PBXBuildFile; fileRef = EDD08E08291CED7400DB7CB5 /* SplashScreenViewController.swift */; };
		EDD08E0B291CEDD000DB7CB5 /* Insights.swift in Sources */ = {isa = PBXBuildFile; fileRef = EDD08E0A291CEDD000DB7CB5 /* Insights.swift */; };
		EDD08E0D291CF28D00DB7CB5 /* Insights1.swift in Sources */ = {isa = PBXBuildFile; fileRef = EDD08E0C291CF28D00DB7CB5 /* Insights1.swift */; };
/* End PBXBuildFile section */

/* Begin PBXContainerItemProxy section */
		79E1275928F3B3D800E4DC14 /* PBXContainerItemProxy */ = {
			isa = PBXContainerItemProxy;
			containerPortal = 79E1274028F3B3D800E4DC14 /* Project object */;
			proxyType = 1;
			remoteGlobalIDString = 79E1274728F3B3D800E4DC14;
			remoteInfo = Companion;
		};
		79E1276328F3B3D800E4DC14 /* PBXContainerItemProxy */ = {
			isa = PBXContainerItemProxy;
			containerPortal = 79E1274028F3B3D800E4DC14 /* Project object */;
			proxyType = 1;
			remoteGlobalIDString = 79E1274728F3B3D800E4DC14;
			remoteInfo = Companion;
		};
/* End PBXContainerItemProxy section */

/* Begin PBXFileReference section */
		7963AD452921C0EA00350C1A /* heartModel.mlpackage */ = {isa = PBXFileReference; lastKnownFileType = folder.mlpackage; path = heartModel.mlpackage; sourceTree = "<group>"; };
		79E1274828F3B3D800E4DC14 /* Companion.app */ = {isa = PBXFileReference; explicitFileType = wrapper.application; includeInIndex = 0; path = Companion.app; sourceTree = BUILT_PRODUCTS_DIR; };
		79E1274B28F3B3D800E4DC14 /* CompanionApp.swift */ = {isa = PBXFileReference; lastKnownFileType = sourcecode.swift; path = CompanionApp.swift; sourceTree = "<group>"; };
		79E1274D28F3B3D800E4DC14 /* ContentView.swift */ = {isa = PBXFileReference; lastKnownFileType = sourcecode.swift; path = ContentView.swift; sourceTree = "<group>"; };
		79E1274F28F3B3D800E4DC14 /* Assets.xcassets */ = {isa = PBXFileReference; lastKnownFileType = folder.assetcatalog; path = Assets.xcassets; sourceTree = "<group>"; };
		79E1275228F3B3D800E4DC14 /* Preview Assets.xcassets */ = {isa = PBXFileReference; lastKnownFileType = folder.assetcatalog; path = "Preview Assets.xcassets"; sourceTree = "<group>"; };
		79E1275828F3B3D800E4DC14 /* CompanionTests.xctest */ = {isa = PBXFileReference; explicitFileType = wrapper.cfbundle; includeInIndex = 0; path = CompanionTests.xctest; sourceTree = BUILT_PRODUCTS_DIR; };
		79E1275C28F3B3D800E4DC14 /* CompanionTests.swift */ = {isa = PBXFileReference; lastKnownFileType = sourcecode.swift; path = CompanionTests.swift; sourceTree = "<group>"; };
		79E1276228F3B3D800E4DC14 /* CompanionUITests.xctest */ = {isa = PBXFileReference; explicitFileType = wrapper.cfbundle; includeInIndex = 0; path = CompanionUITests.xctest; sourceTree = BUILT_PRODUCTS_DIR; };
		79E1276628F3B3D800E4DC14 /* CompanionUITests.swift */ = {isa = PBXFileReference; lastKnownFileType = sourcecode.swift; path = CompanionUITests.swift; sourceTree = "<group>"; };
		79E1276828F3B3D800E4DC14 /* CompanionUITestsLaunchTests.swift */ = {isa = PBXFileReference; lastKnownFileType = sourcecode.swift; path = CompanionUITestsLaunchTests.swift; sourceTree = "<group>"; };
		79E1277728F3B68F00E4DC14 /* DataStore.swift */ = {isa = PBXFileReference; lastKnownFileType = sourcecode.swift; path = DataStore.swift; sourceTree = "<group>"; };
		79E1277928F3B78A00E4DC14 /* Companion.entitlements */ = {isa = PBXFileReference; lastKnownFileType = text.plist.entitlements; path = Companion.entitlements; sourceTree = "<group>"; };
		79E1277A28F3B78A00E4DC14 /* HealthKit.framework */ = {isa = PBXFileReference; lastKnownFileType = wrapper.framework; name = HealthKit.framework; path = System/Library/Frameworks/HealthKit.framework; sourceTree = SDKROOT; };
		79E1277C28F3B92100E4DC14 /* HealthKitSetupAssistant.swift */ = {isa = PBXFileReference; lastKnownFileType = sourcecode.swift; path = HealthKitSetupAssistant.swift; sourceTree = "<group>"; };
		79E1277E28F3BCB800E4DC14 /* Info.plist */ = {isa = PBXFileReference; lastKnownFileType = text.plist; path = Info.plist; sourceTree = "<group>"; };
		79E1278128F3EBF000E4DC14 /* PredictorView.swift */ = {isa = PBXFileReference; lastKnownFileType = sourcecode.swift; path = PredictorView.swift; sourceTree = "<group>"; };
		79E1278328F3EC4D00E4DC14 /* HealthKitView.swift */ = {isa = PBXFileReference; lastKnownFileType = sourcecode.swift; path = HealthKitView.swift; sourceTree = "<group>"; };
		ED5F968D291DBA4D001306BF /* HealthData1.swift */ = {isa = PBXFileReference; lastKnownFileType = sourcecode.swift; path = HealthData1.swift; sourceTree = "<group>"; };
		EDD08E02291CEC0F00DB7CB5 /* HealthData.swift */ = {isa = PBXFileReference; lastKnownFileType = sourcecode.swift; path = HealthData.swift; sourceTree = "<group>"; };
		EDD08E05291CEC9600DB7CB5 /* HealthKitSupport.swift */ = {isa = PBXFileReference; lastKnownFileType = sourcecode.swift; path = HealthKitSupport.swift; sourceTree = "<group>"; };
		EDD08E08291CED7400DB7CB5 /* SplashScreenViewController.swift */ = {isa = PBXFileReference; lastKnownFileType = sourcecode.swift; path = SplashScreenViewController.swift; sourceTree = "<group>"; };
		EDD08E0A291CEDD000DB7CB5 /* Insights.swift */ = {isa = PBXFileReference; lastKnownFileType = sourcecode.swift; path = Insights.swift; sourceTree = "<group>"; };
		EDD08E0C291CF28D00DB7CB5 /* Insights1.swift */ = {isa = PBXFileReference; lastKnownFileType = sourcecode.swift; path = Insights1.swift; sourceTree = "<group>"; };
/* End PBXFileReference section */

/* Begin PBXFrameworksBuildPhase section */
		79E1274528F3B3D800E4DC14 /* Frameworks */ = {
			isa = PBXFrameworksBuildPhase;
			buildActionMask = 2147483647;
			files = (
				79E1277B28F3B78A00E4DC14 /* HealthKit.framework in Frameworks */,
			);
			runOnlyForDeploymentPostprocessing = 0;
		};
		79E1275528F3B3D800E4DC14 /* Frameworks */ = {
			isa = PBXFrameworksBuildPhase;
			buildActionMask = 2147483647;
			files = (
			);
			runOnlyForDeploymentPostprocessing = 0;
		};
		79E1275F28F3B3D800E4DC14 /* Frameworks */ = {
			isa = PBXFrameworksBuildPhase;
			buildActionMask = 2147483647;
			files = (
			);
			runOnlyForDeploymentPostprocessing = 0;
		};
/* End PBXFrameworksBuildPhase section */

/* Begin PBXGroup section */
		482B6F3603C5C5008359B043 /* Frameworks */ = {
			isa = PBXGroup;
			children = (
				79E1277A28F3B78A00E4DC14 /* HealthKit.framework */,
			);
			name = Frameworks;
			sourceTree = "<group>";
		};
		79E1273F28F3B3D800E4DC14 = {
			isa = PBXGroup;
			children = (
				79E1274A28F3B3D800E4DC14 /* Companion */,
				79E1275B28F3B3D800E4DC14 /* CompanionTests */,
				79E1276528F3B3D800E4DC14 /* CompanionUITests */,
				79E1274928F3B3D800E4DC14 /* Products */,
				482B6F3603C5C5008359B043 /* Frameworks */,
			);
			sourceTree = "<group>";
		};
		79E1274928F3B3D800E4DC14 /* Products */ = {
			isa = PBXGroup;
			children = (
				79E1274828F3B3D800E4DC14 /* Companion.app */,
				79E1275828F3B3D800E4DC14 /* CompanionTests.xctest */,
				79E1276228F3B3D800E4DC14 /* CompanionUITests.xctest */,
			);
			name = Products;
			sourceTree = "<group>";
		};
		79E1274A28F3B3D800E4DC14 /* Companion */ = {
			isa = PBXGroup;
			children = (
				EDD08E07291CED5A00DB7CB5 /* View Controllers */,
				EDD08E04291CEC8100DB7CB5 /* Utilities */,
				EDD08E01291CEBE800DB7CB5 /* Data */,
				79E1277E28F3BCB800E4DC14 /* Info.plist */,
				79E1277928F3B78A00E4DC14 /* Companion.entitlements */,
				7963AD452921C0EA00350C1A /* heartModel.mlpackage */,
				79E1277628F3B67E00E4DC14 /* Views */,
				79E1277528F3B67700E4DC14 /* ViewModels */,
				79E1274B28F3B3D800E4DC14 /* CompanionApp.swift */,
				79E1274D28F3B3D800E4DC14 /* ContentView.swift */,
				79E1277C28F3B92100E4DC14 /* HealthKitSetupAssistant.swift */,
				79E1274F28F3B3D800E4DC14 /* Assets.xcassets */,
				79E1275128F3B3D800E4DC14 /* Preview Content */,
			);
			path = Companion;
			sourceTree = "<group>";
		};
		79E1275128F3B3D800E4DC14 /* Preview Content */ = {
			isa = PBXGroup;
			children = (
				79E1275228F3B3D800E4DC14 /* Preview Assets.xcassets */,
			);
			path = "Preview Content";
			sourceTree = "<group>";
		};
		79E1275B28F3B3D800E4DC14 /* CompanionTests */ = {
			isa = PBXGroup;
			children = (
				79E1275C28F3B3D800E4DC14 /* CompanionTests.swift */,
			);
			path = CompanionTests;
			sourceTree = "<group>";
		};
		79E1276528F3B3D800E4DC14 /* CompanionUITests */ = {
			isa = PBXGroup;
			children = (
				79E1276628F3B3D800E4DC14 /* CompanionUITests.swift */,
				79E1276828F3B3D800E4DC14 /* CompanionUITestsLaunchTests.swift */,
			);
			path = CompanionUITests;
			sourceTree = "<group>";
		};
		79E1277528F3B67700E4DC14 /* ViewModels */ = {
			isa = PBXGroup;
			children = (
				79E1277728F3B68F00E4DC14 /* DataStore.swift */,
			);
			path = ViewModels;
			sourceTree = "<group>";
		};
		79E1277628F3B67E00E4DC14 /* Views */ = {
			isa = PBXGroup;
			children = (
				79E1278128F3EBF000E4DC14 /* PredictorView.swift */,
				79E1278328F3EC4D00E4DC14 /* HealthKitView.swift */,
				EDD08E0A291CEDD000DB7CB5 /* Insights.swift */,
				EDD08E0C291CF28D00DB7CB5 /* Insights1.swift */,
			);
			path = Views;
			sourceTree = "<group>";
		};
		EDD08E01291CEBE800DB7CB5 /* Data */ = {
			isa = PBXGroup;
			children = (
				EDD08E02291CEC0F00DB7CB5 /* HealthData.swift */,
				ED5F968D291DBA4D001306BF /* HealthData1.swift */,
			);
			path = Data;
			sourceTree = "<group>";
		};
		EDD08E04291CEC8100DB7CB5 /* Utilities */ = {
			isa = PBXGroup;
			children = (
				EDD08E05291CEC9600DB7CB5 /* HealthKitSupport.swift */,
			);
			path = Utilities;
			sourceTree = "<group>";
		};
		EDD08E07291CED5A00DB7CB5 /* View Controllers */ = {
			isa = PBXGroup;
			children = (
				EDD08E08291CED7400DB7CB5 /* SplashScreenViewController.swift */,
			);
			path = "View Controllers";
			sourceTree = "<group>";
		};
/* End PBXGroup section */

/* Begin PBXNativeTarget section */
		79E1274728F3B3D800E4DC14 /* Companion */ = {
			isa = PBXNativeTarget;
			buildConfigurationList = 79E1276C28F3B3D800E4DC14 /* Build configuration list for PBXNativeTarget "Companion" */;
			buildPhases = (
				79E1274428F3B3D800E4DC14 /* Sources */,
				79E1274528F3B3D800E4DC14 /* Frameworks */,
				79E1274628F3B3D800E4DC14 /* Resources */,
			);
			buildRules = (
			);
			dependencies = (
			);
			name = Companion;
			productName = Companion;
			productReference = 79E1274828F3B3D800E4DC14 /* Companion.app */;
			productType = "com.apple.product-type.application";
		};
		79E1275728F3B3D800E4DC14 /* CompanionTests */ = {
			isa = PBXNativeTarget;
			buildConfigurationList = 79E1276F28F3B3D800E4DC14 /* Build configuration list for PBXNativeTarget "CompanionTests" */;
			buildPhases = (
				79E1275428F3B3D800E4DC14 /* Sources */,
				79E1275528F3B3D800E4DC14 /* Frameworks */,
				79E1275628F3B3D800E4DC14 /* Resources */,
			);
			buildRules = (
			);
			dependencies = (
				79E1275A28F3B3D800E4DC14 /* PBXTargetDependency */,
			);
			name = CompanionTests;
			productName = CompanionTests;
			productReference = 79E1275828F3B3D800E4DC14 /* CompanionTests.xctest */;
			productType = "com.apple.product-type.bundle.unit-test";
		};
		79E1276128F3B3D800E4DC14 /* CompanionUITests */ = {
			isa = PBXNativeTarget;
			buildConfigurationList = 79E1277228F3B3D800E4DC14 /* Build configuration list for PBXNativeTarget "CompanionUITests" */;
			buildPhases = (
				79E1275E28F3B3D800E4DC14 /* Sources */,
				79E1275F28F3B3D800E4DC14 /* Frameworks */,
				79E1276028F3B3D800E4DC14 /* Resources */,
			);
			buildRules = (
			);
			dependencies = (
				79E1276428F3B3D800E4DC14 /* PBXTargetDependency */,
			);
			name = CompanionUITests;
			productName = CompanionUITests;
			productReference = 79E1276228F3B3D800E4DC14 /* CompanionUITests.xctest */;
			productType = "com.apple.product-type.bundle.ui-testing";
		};
/* End PBXNativeTarget section */

/* Begin PBXProject section */
		79E1274028F3B3D800E4DC14 /* Project object */ = {
			isa = PBXProject;
			attributes = {
				BuildIndependentTargetsInParallel = 1;
				LastSwiftUpdateCheck = 1340;
				LastUpgradeCheck = 1340;
				TargetAttributes = {
					79E1274728F3B3D800E4DC14 = {
						CreatedOnToolsVersion = 13.4.1;
					};
					79E1275728F3B3D800E4DC14 = {
						CreatedOnToolsVersion = 13.4.1;
						TestTargetID = 79E1274728F3B3D800E4DC14;
					};
					79E1276128F3B3D800E4DC14 = {
						CreatedOnToolsVersion = 13.4.1;
						TestTargetID = 79E1274728F3B3D800E4DC14;
					};
				};
			};
			buildConfigurationList = 79E1274328F3B3D800E4DC14 /* Build configuration list for PBXProject "Companion" */;
			compatibilityVersion = "Xcode 13.0";
			developmentRegion = en;
			hasScannedForEncodings = 0;
			knownRegions = (
				en,
				Base,
			);
			mainGroup = 79E1273F28F3B3D800E4DC14;
			productRefGroup = 79E1274928F3B3D800E4DC14 /* Products */;
			projectDirPath = "";
			projectRoot = "";
			targets = (
				79E1274728F3B3D800E4DC14 /* Companion */,
				79E1275728F3B3D800E4DC14 /* CompanionTests */,
				79E1276128F3B3D800E4DC14 /* CompanionUITests */,
			);
		};
/* End PBXProject section */

/* Begin PBXResourcesBuildPhase section */
		79E1274628F3B3D800E4DC14 /* Resources */ = {
			isa = PBXResourcesBuildPhase;
			buildActionMask = 2147483647;
			files = (
				79E1275328F3B3D800E4DC14 /* Preview Assets.xcassets in Resources */,
				79E1275028F3B3D800E4DC14 /* Assets.xcassets in Resources */,
			);
			runOnlyForDeploymentPostprocessing = 0;
		};
		79E1275628F3B3D800E4DC14 /* Resources */ = {
			isa = PBXResourcesBuildPhase;
			buildActionMask = 2147483647;
			files = (
			);
			runOnlyForDeploymentPostprocessing = 0;
		};
		79E1276028F3B3D800E4DC14 /* Resources */ = {
			isa = PBXResourcesBuildPhase;
			buildActionMask = 2147483647;
			files = (
			);
			runOnlyForDeploymentPostprocessing = 0;
		};
/* End PBXResourcesBuildPhase section */

/* Begin PBXSourcesBuildPhase section */
		79E1274428F3B3D800E4DC14 /* Sources */ = {
			isa = PBXSourcesBuildPhase;
			buildActionMask = 2147483647;
			files = (
				79E1274E28F3B3D800E4DC14 /* ContentView.swift in Sources */,
				EDD08E09291CED7400DB7CB5 /* SplashScreenViewController.swift in Sources */,
				79E1278228F3EBF000E4DC14 /* PredictorView.swift in Sources */,
				EDD08E03291CEC0F00DB7CB5 /* HealthData.swift in Sources */,
				79E1277D28F3B92100E4DC14 /* HealthKitSetupAssistant.swift in Sources */,
				ED5F968E291DBA4D001306BF /* HealthData1.swift in Sources */,
				7963AD462921C0EA00350C1A /* heartModel.mlpackage in Sources */,
				79E1277828F3B68F00E4DC14 /* DataStore.swift in Sources */,
				EDD08E0B291CEDD000DB7CB5 /* Insights.swift in Sources */,
				EDD08E0D291CF28D00DB7CB5 /* Insights1.swift in Sources */,
				79E1278428F3EC4D00E4DC14 /* HealthKitView.swift in Sources */,
				EDD08E06291CEC9600DB7CB5 /* HealthKitSupport.swift in Sources */,
				79E1274C28F3B3D800E4DC14 /* CompanionApp.swift in Sources */,
			);
			runOnlyForDeploymentPostprocessing = 0;
		};
		79E1275428F3B3D800E4DC14 /* Sources */ = {
			isa = PBXSourcesBuildPhase;
			buildActionMask = 2147483647;
			files = (
				79E1275D28F3B3D800E4DC14 /* CompanionTests.swift in Sources */,
			);
			runOnlyForDeploymentPostprocessing = 0;
		};
		79E1275E28F3B3D800E4DC14 /* Sources */ = {
			isa = PBXSourcesBuildPhase;
			buildActionMask = 2147483647;
			files = (
				79E1276728F3B3D800E4DC14 /* CompanionUITests.swift in Sources */,
				79E1276928F3B3D800E4DC14 /* CompanionUITestsLaunchTests.swift in Sources */,
			);
			runOnlyForDeploymentPostprocessing = 0;
		};
/* End PBXSourcesBuildPhase section */

/* Begin PBXTargetDependency section */
		79E1275A28F3B3D800E4DC14 /* PBXTargetDependency */ = {
			isa = PBXTargetDependency;
			target = 79E1274728F3B3D800E4DC14 /* Companion */;
			targetProxy = 79E1275928F3B3D800E4DC14 /* PBXContainerItemProxy */;
		};
		79E1276428F3B3D800E4DC14 /* PBXTargetDependency */ = {
			isa = PBXTargetDependency;
			target = 79E1274728F3B3D800E4DC14 /* Companion */;
			targetProxy = 79E1276328F3B3D800E4DC14 /* PBXContainerItemProxy */;
		};
/* End PBXTargetDependency section */

/* Begin XCBuildConfiguration section */
		79E1276A28F3B3D800E4DC14 /* Debug */ = {
			isa = XCBuildConfiguration;
			buildSettings = {
				ALWAYS_SEARCH_USER_PATHS = NO;
				CLANG_ANALYZER_NONNULL = YES;
				CLANG_ANALYZER_NUMBER_OBJECT_CONVERSION = YES_AGGRESSIVE;
				CLANG_CXX_LANGUAGE_STANDARD = "gnu++17";
				CLANG_ENABLE_MODULES = YES;
				CLANG_ENABLE_OBJC_ARC = YES;
				CLANG_ENABLE_OBJC_WEAK = YES;
				CLANG_WARN_BLOCK_CAPTURE_AUTORELEASING = YES;
				CLANG_WARN_BOOL_CONVERSION = YES;
				CLANG_WARN_COMMA = YES;
				CLANG_WARN_CONSTANT_CONVERSION = YES;
				CLANG_WARN_DEPRECATED_OBJC_IMPLEMENTATIONS = YES;
				CLANG_WARN_DIRECT_OBJC_ISA_USAGE = YES_ERROR;
				CLANG_WARN_DOCUMENTATION_COMMENTS = YES;
				CLANG_WARN_EMPTY_BODY = YES;
				CLANG_WARN_ENUM_CONVERSION = YES;
				CLANG_WARN_INFINITE_RECURSION = YES;
				CLANG_WARN_INT_CONVERSION = YES;
				CLANG_WARN_NON_LITERAL_NULL_CONVERSION = YES;
				CLANG_WARN_OBJC_IMPLICIT_RETAIN_SELF = YES;
				CLANG_WARN_OBJC_LITERAL_CONVERSION = YES;
				CLANG_WARN_OBJC_ROOT_CLASS = YES_ERROR;
				CLANG_WARN_QUOTED_INCLUDE_IN_FRAMEWORK_HEADER = YES;
				CLANG_WARN_RANGE_LOOP_ANALYSIS = YES;
				CLANG_WARN_STRICT_PROTOTYPES = YES;
				CLANG_WARN_SUSPICIOUS_MOVE = YES;
				CLANG_WARN_UNGUARDED_AVAILABILITY = YES_AGGRESSIVE;
				CLANG_WARN_UNREACHABLE_CODE = YES;
				CLANG_WARN__DUPLICATE_METHOD_MATCH = YES;
				COPY_PHASE_STRIP = NO;
				DEBUG_INFORMATION_FORMAT = dwarf;
				ENABLE_STRICT_OBJC_MSGSEND = YES;
				ENABLE_TESTABILITY = YES;
				GCC_C_LANGUAGE_STANDARD = gnu11;
				GCC_DYNAMIC_NO_PIC = NO;
				GCC_NO_COMMON_BLOCKS = YES;
				GCC_OPTIMIZATION_LEVEL = 0;
				GCC_PREPROCESSOR_DEFINITIONS = (
					"DEBUG=1",
					"$(inherited)",
				);
				GCC_WARN_64_TO_32_BIT_CONVERSION = YES;
				GCC_WARN_ABOUT_RETURN_TYPE = YES_ERROR;
				GCC_WARN_UNDECLARED_SELECTOR = YES;
				GCC_WARN_UNINITIALIZED_AUTOS = YES_AGGRESSIVE;
				GCC_WARN_UNUSED_FUNCTION = YES;
				GCC_WARN_UNUSED_VARIABLE = YES;
				IPHONEOS_DEPLOYMENT_TARGET = 15.5;
				MTL_ENABLE_DEBUG_INFO = INCLUDE_SOURCE;
				MTL_FAST_MATH = YES;
				ONLY_ACTIVE_ARCH = YES;
				SDKROOT = iphoneos;
				SWIFT_ACTIVE_COMPILATION_CONDITIONS = DEBUG;
				SWIFT_OPTIMIZATION_LEVEL = "-Onone";
			};
			name = Debug;
		};
		79E1276B28F3B3D800E4DC14 /* Release */ = {
			isa = XCBuildConfiguration;
			buildSettings = {
				ALWAYS_SEARCH_USER_PATHS = NO;
				CLANG_ANALYZER_NONNULL = YES;
				CLANG_ANALYZER_NUMBER_OBJECT_CONVERSION = YES_AGGRESSIVE;
				CLANG_CXX_LANGUAGE_STANDARD = "gnu++17";
				CLANG_ENABLE_MODULES = YES;
				CLANG_ENABLE_OBJC_ARC = YES;
				CLANG_ENABLE_OBJC_WEAK = YES;
				CLANG_WARN_BLOCK_CAPTURE_AUTORELEASING = YES;
				CLANG_WARN_BOOL_CONVERSION = YES;
				CLANG_WARN_COMMA = YES;
				CLANG_WARN_CONSTANT_CONVERSION = YES;
				CLANG_WARN_DEPRECATED_OBJC_IMPLEMENTATIONS = YES;
				CLANG_WARN_DIRECT_OBJC_ISA_USAGE = YES_ERROR;
				CLANG_WARN_DOCUMENTATION_COMMENTS = YES;
				CLANG_WARN_EMPTY_BODY = YES;
				CLANG_WARN_ENUM_CONVERSION = YES;
				CLANG_WARN_INFINITE_RECURSION = YES;
				CLANG_WARN_INT_CONVERSION = YES;
				CLANG_WARN_NON_LITERAL_NULL_CONVERSION = YES;
				CLANG_WARN_OBJC_IMPLICIT_RETAIN_SELF = YES;
				CLANG_WARN_OBJC_LITERAL_CONVERSION = YES;
				CLANG_WARN_OBJC_ROOT_CLASS = YES_ERROR;
				CLANG_WARN_QUOTED_INCLUDE_IN_FRAMEWORK_HEADER = YES;
				CLANG_WARN_RANGE_LOOP_ANALYSIS = YES;
				CLANG_WARN_STRICT_PROTOTYPES = YES;
				CLANG_WARN_SUSPICIOUS_MOVE = YES;
				CLANG_WARN_UNGUARDED_AVAILABILITY = YES_AGGRESSIVE;
				CLANG_WARN_UNREACHABLE_CODE = YES;
				CLANG_WARN__DUPLICATE_METHOD_MATCH = YES;
				COPY_PHASE_STRIP = NO;
				DEBUG_INFORMATION_FORMAT = "dwarf-with-dsym";
				ENABLE_NS_ASSERTIONS = NO;
				ENABLE_STRICT_OBJC_MSGSEND = YES;
				GCC_C_LANGUAGE_STANDARD = gnu11;
				GCC_NO_COMMON_BLOCKS = YES;
				GCC_WARN_64_TO_32_BIT_CONVERSION = YES;
				GCC_WARN_ABOUT_RETURN_TYPE = YES_ERROR;
				GCC_WARN_UNDECLARED_SELECTOR = YES;
				GCC_WARN_UNINITIALIZED_AUTOS = YES_AGGRESSIVE;
				GCC_WARN_UNUSED_FUNCTION = YES;
				GCC_WARN_UNUSED_VARIABLE = YES;
				IPHONEOS_DEPLOYMENT_TARGET = 15.5;
				MTL_ENABLE_DEBUG_INFO = NO;
				MTL_FAST_MATH = YES;
				SDKROOT = iphoneos;
				SWIFT_COMPILATION_MODE = wholemodule;
				SWIFT_OPTIMIZATION_LEVEL = "-O";
				VALIDATE_PRODUCT = YES;
			};
			name = Release;
		};
		79E1276D28F3B3D800E4DC14 /* Debug */ = {
			isa = XCBuildConfiguration;
			buildSettings = {
				ASSETCATALOG_COMPILER_APPICON_NAME = AppIcon;
				ASSETCATALOG_COMPILER_GLOBAL_ACCENT_COLOR_NAME = AccentColor;
				CODE_SIGN_ENTITLEMENTS = Companion/Companion.entitlements;
				CODE_SIGN_STYLE = Automatic;
				CURRENT_PROJECT_VERSION = 1;
				DEVELOPMENT_ASSET_PATHS = "\"Companion/Preview Content\"";
				DEVELOPMENT_TEAM = QA6B2J6365;
				ENABLE_PREVIEWS = YES;
				GENERATE_INFOPLIST_FILE = YES;
				INFOPLIST_FILE = Companion/Info.plist;
				INFOPLIST_KEY_NSHealthShareUsageDescription = "We will use your health data to give you recommendations.";
				INFOPLIST_KEY_NSHealthUpdateUsageDescription = "We will update your health data.";
				INFOPLIST_KEY_UIApplicationSceneManifest_Generation = YES;
				INFOPLIST_KEY_UIApplicationSupportsIndirectInputEvents = YES;
				INFOPLIST_KEY_UILaunchScreen_Generation = YES;
				INFOPLIST_KEY_UISupportedInterfaceOrientations_iPad = "UIInterfaceOrientationPortrait UIInterfaceOrientationPortraitUpsideDown UIInterfaceOrientationLandscapeLeft UIInterfaceOrientationLandscapeRight";
				INFOPLIST_KEY_UISupportedInterfaceOrientations_iPhone = "UIInterfaceOrientationPortrait UIInterfaceOrientationLandscapeLeft UIInterfaceOrientationLandscapeRight";
				LD_RUNPATH_SEARCH_PATHS = (
					"$(inherited)",
					"@executable_path/Frameworks",
				);
				MARKETING_VERSION = 1.0;
				PRODUCT_BUNDLE_IDENTIFIER = com.companion.Companion;
				PRODUCT_NAME = "$(TARGET_NAME)";
				SWIFT_EMIT_LOC_STRINGS = YES;
				SWIFT_VERSION = 5.0;
				TARGETED_DEVICE_FAMILY = "1,2";
			};
			name = Debug;
		};
		79E1276E28F3B3D800E4DC14 /* Release */ = {
			isa = XCBuildConfiguration;
			buildSettings = {
				ASSETCATALOG_COMPILER_APPICON_NAME = AppIcon;
				ASSETCATALOG_COMPILER_GLOBAL_ACCENT_COLOR_NAME = AccentColor;
				CODE_SIGN_ENTITLEMENTS = Companion/Companion.entitlements;
				CODE_SIGN_STYLE = Automatic;
				CURRENT_PROJECT_VERSION = 1;
				DEVELOPMENT_ASSET_PATHS = "\"Companion/Preview Content\"";
				DEVELOPMENT_TEAM = QA6B2J6365;
				ENABLE_PREVIEWS = YES;
				GENERATE_INFOPLIST_FILE = YES;
				INFOPLIST_FILE = Companion/Info.plist;
				INFOPLIST_KEY_NSHealthShareUsageDescription = "We will use your health data to give you recommendations.";
				INFOPLIST_KEY_NSHealthUpdateUsageDescription = "We will update your health data.";
				INFOPLIST_KEY_UIApplicationSceneManifest_Generation = YES;
				INFOPLIST_KEY_UIApplicationSupportsIndirectInputEvents = YES;
				INFOPLIST_KEY_UILaunchScreen_Generation = YES;
				INFOPLIST_KEY_UISupportedInterfaceOrientations_iPad = "UIInterfaceOrientationPortrait UIInterfaceOrientationPortraitUpsideDown UIInterfaceOrientationLandscapeLeft UIInterfaceOrientationLandscapeRight";
				INFOPLIST_KEY_UISupportedInterfaceOrientations_iPhone = "UIInterfaceOrientationPortrait UIInterfaceOrientationLandscapeLeft UIInterfaceOrientationLandscapeRight";
				LD_RUNPATH_SEARCH_PATHS = (
					"$(inherited)",
					"@executable_path/Frameworks",
				);
				MARKETING_VERSION = 1.0;
				PRODUCT_BUNDLE_IDENTIFIER = com.companion.Companion;
				PRODUCT_NAME = "$(TARGET_NAME)";
				SWIFT_EMIT_LOC_STRINGS = YES;
				SWIFT_VERSION = 5.0;
				TARGETED_DEVICE_FAMILY = "1,2";
			};
			name = Release;
		};
		79E1277028F3B3D800E4DC14 /* Debug */ = {
			isa = XCBuildConfiguration;
			buildSettings = {
				ALWAYS_EMBED_SWIFT_STANDARD_LIBRARIES = YES;
				BUNDLE_LOADER = "$(TEST_HOST)";
				CODE_SIGN_STYLE = Automatic;
				CURRENT_PROJECT_VERSION = 1;
				DEVELOPMENT_TEAM = QA6B2J6365;
				GENERATE_INFOPLIST_FILE = YES;
				IPHONEOS_DEPLOYMENT_TARGET = 15.5;
				MARKETING_VERSION = 1.0;
				PRODUCT_BUNDLE_IDENTIFIER = com.companion.CompanionTests;
				PRODUCT_NAME = "$(TARGET_NAME)";
				SWIFT_EMIT_LOC_STRINGS = NO;
				SWIFT_VERSION = 5.0;
				TARGETED_DEVICE_FAMILY = "1,2";
				TEST_HOST = "$(BUILT_PRODUCTS_DIR)/Companion.app/Companion";
			};
			name = Debug;
		};
		79E1277128F3B3D800E4DC14 /* Release */ = {
			isa = XCBuildConfiguration;
			buildSettings = {
				ALWAYS_EMBED_SWIFT_STANDARD_LIBRARIES = YES;
				BUNDLE_LOADER = "$(TEST_HOST)";
				CODE_SIGN_STYLE = Automatic;
				CURRENT_PROJECT_VERSION = 1;
				DEVELOPMENT_TEAM = QA6B2J6365;
				GENERATE_INFOPLIST_FILE = YES;
				IPHONEOS_DEPLOYMENT_TARGET = 15.5;
				MARKETING_VERSION = 1.0;
				PRODUCT_BUNDLE_IDENTIFIER = com.companion.CompanionTests;
				PRODUCT_NAME = "$(TARGET_NAME)";
				SWIFT_EMIT_LOC_STRINGS = NO;
				SWIFT_VERSION = 5.0;
				TARGETED_DEVICE_FAMILY = "1,2";
				TEST_HOST = "$(BUILT_PRODUCTS_DIR)/Companion.app/Companion";
			};
			name = Release;
		};
		79E1277328F3B3D800E4DC14 /* Debug */ = {
			isa = XCBuildConfiguration;
			buildSettings = {
				ALWAYS_EMBED_SWIFT_STANDARD_LIBRARIES = YES;
				CODE_SIGN_STYLE = Automatic;
				CURRENT_PROJECT_VERSION = 1;
				DEVELOPMENT_TEAM = QA6B2J6365;
				GENERATE_INFOPLIST_FILE = YES;
				MARKETING_VERSION = 1.0;
				PRODUCT_BUNDLE_IDENTIFIER = com.companion.CompanionUITests;
				PRODUCT_NAME = "$(TARGET_NAME)";
				SWIFT_EMIT_LOC_STRINGS = NO;
				SWIFT_VERSION = 5.0;
				TARGETED_DEVICE_FAMILY = "1,2";
				TEST_TARGET_NAME = Companion;
			};
			name = Debug;
		};
		79E1277428F3B3D800E4DC14 /* Release */ = {
			isa = XCBuildConfiguration;
			buildSettings = {
				ALWAYS_EMBED_SWIFT_STANDARD_LIBRARIES = YES;
				CODE_SIGN_STYLE = Automatic;
				CURRENT_PROJECT_VERSION = 1;
				DEVELOPMENT_TEAM = QA6B2J6365;
				GENERATE_INFOPLIST_FILE = YES;
				MARKETING_VERSION = 1.0;
				PRODUCT_BUNDLE_IDENTIFIER = com.companion.CompanionUITests;
				PRODUCT_NAME = "$(TARGET_NAME)";
				SWIFT_EMIT_LOC_STRINGS = NO;
				SWIFT_VERSION = 5.0;
				TARGETED_DEVICE_FAMILY = "1,2";
				TEST_TARGET_NAME = Companion;
			};
			name = Release;
		};
/* End XCBuildConfiguration section */

/* Begin XCConfigurationList section */
		79E1274328F3B3D800E4DC14 /* Build configuration list for PBXProject "Companion" */ = {
			isa = XCConfigurationList;
			buildConfigurations = (
				79E1276A28F3B3D800E4DC14 /* Debug */,
				79E1276B28F3B3D800E4DC14 /* Release */,
			);
			defaultConfigurationIsVisible = 0;
			defaultConfigurationName = Release;
		};
		79E1276C28F3B3D800E4DC14 /* Build configuration list for PBXNativeTarget "Companion" */ = {
			isa = XCConfigurationList;
			buildConfigurations = (
				79E1276D28F3B3D800E4DC14 /* Debug */,
				79E1276E28F3B3D800E4DC14 /* Release */,
			);
			defaultConfigurationIsVisible = 0;
			defaultConfigurationName = Release;
		};
		79E1276F28F3B3D800E4DC14 /* Build configuration list for PBXNativeTarget "CompanionTests" */ = {
			isa = XCConfigurationList;
			buildConfigurations = (
				79E1277028F3B3D800E4DC14 /* Debug */,
				79E1277128F3B3D800E4DC14 /* Release */,
			);
			defaultConfigurationIsVisible = 0;
			defaultConfigurationName = Release;
		};
		79E1277228F3B3D800E4DC14 /* Build configuration list for PBXNativeTarget "CompanionUITests" */ = {
			isa = XCConfigurationList;
			buildConfigurations = (
				79E1277328F3B3D800E4DC14 /* Debug */,
				79E1277428F3B3D800E4DC14 /* Release */,
			);
			defaultConfigurationIsVisible = 0;
			defaultConfigurationName = Release;
		};
/* End XCConfigurationList section */
	};
	rootObject = 79E1274028F3B3D800E4DC14 /* Project object */;
}
